
Microsoft Visual Studio Solution File, Format Version 12.00
# Visual Studio Version 17
VisualStudioVersion = 17.0.31903.59
MinimumVisualStudioVersion = 10.0.40219.1
Project("{F2A71F9B-5D33-465A-A702-920D77279786}") = "Actor", "ActorServer\Actor.fsproj", "{786D9EAC-97D9-4378-ADE3-61CE4337DDF0}"
EndProject
Project("{F2A71F9B-5D33-465A-A702-920D77279786}") = "MCPServer", "MCPServer\MCPServer.fsproj", "{0870F156-D1B1-49D9-B921-2262AC7B57CC}"
EndProject
Global
	GlobalSection(SolutionConfigurationPlatforms) = preSolution
		Debug|Any CPU = Debug|Any CPU
		Debug|x64 = Debug|x64
		Debug|x86 = Debug|x86
		Release|Any CPU = Release|Any CPU
		Release|x64 = Release|x64
		Release|x86 = Release|x86
	EndGlobalSection
	GlobalSection(ProjectConfigurationPlatforms) = postSolution
		{786D9EAC-97D9-4378-ADE3-61CE4337DDF0}.Debug|Any CPU.ActiveCfg = Debug|Any CPU
		{786D9EAC-97D9-4378-ADE3-61CE4337DDF0}.Debug|Any CPU.Build.0 = Debug|Any CPU
		{786D9EAC-97D9-4378-ADE3-61CE4337DDF0}.Debug|x64.ActiveCfg = Debug|Any CPU
		{786D9EAC-97D9-4378-ADE3-61CE4337DDF0}.Debug|x64.Build.0 = Debug|Any CPU
		{786D9EAC-97D9-4378-ADE3-61CE4337DDF0}.Debug|x86.ActiveCfg = Debug|Any CPU
		{786D9EAC-97D9-4378-ADE3-61CE4337DDF0}.Debug|x86.Build.0 = Debug|Any CPU
		{786D9EAC-97D9-4378-ADE3-61CE4337DDF0}.Release|Any CPU.ActiveCfg = Release|Any CPU
		{786D9EAC-97D9-4378-ADE3-61CE4337DDF0}.Release|Any CPU.Build.0 = Release|Any CPU
		{786D9EAC-97D9-4378-ADE3-61CE4337DDF0}.Release|x64.ActiveCfg = Release|Any CPU
		{786D9EAC-97D9-4378-ADE3-61CE4337DDF0}.Release|x64.Build.0 = Release|Any CPU
		{786D9EAC-97D9-4378-ADE3-61CE4337DDF0}.Release|x86.ActiveCfg = Release|Any CPU
		{786D9EAC-97D9-4378-ADE3-61CE4337DDF0}.Release|x86.Build.0 = Release|Any CPU
		{0870F156-D1B1-49D9-B921-2262AC7B57CC}.Debug|Any CPU.ActiveCfg = Debug|Any CPU
		{0870F156-D1B1-49D9-B921-2262AC7B57CC}.Debug|Any CPU.Build.0 = Debug|Any CPU
		{0870F156-D1B1-49D9-B921-2262AC7B57CC}.Debug|x64.ActiveCfg = Debug|Any CPU
		{0870F156-D1B1-49D9-B921-2262AC7B57CC}.Debug|x64.Build.0 = Debug|Any CPU
		{0870F156-D1B1-49D9-B921-2262AC7B57CC}.Debug|x86.ActiveCfg = Debug|Any CPU
		{0870F156-D1B1-49D9-B921-2262AC7B57CC}.Debug|x86.Build.0 = Debug|Any CPU
		{0870F156-D1B1-49D9-B921-2262AC7B57CC}.Release|Any CPU.ActiveCfg = Release|Any CPU
		{0870F156-D1B1-49D9-B921-2262AC7B57CC}.Release|Any CPU.Build.0 = Release|Any CPU
		{0870F156-D1B1-49D9-B921-2262AC7B57CC}.Release|x64.ActiveCfg = Release|Any CPU
		{0870F156-D1B1-49D9-B921-2262AC7B57CC}.Release|x64.Build.0 = Release|Any CPU
		{0870F156-D1B1-49D9-B921-2262AC7B57CC}.Release|x86.ActiveCfg = Release|Any CPU
		{0870F156-D1B1-49D9-B921-2262AC7B57CC}.Release|x86.Build.0 = Release|Any CPU
	EndGlobalSection
	GlobalSection(SolutionProperties) = preSolution
		HideSolutionNode = FALSE
	EndGlobalSection
EndGlobal
